// !$*UTF8*$!
{
	archiveVersion = 1;
	classes = {
	};
	objectVersion = 46;
	objects = {

/* Begin PBXBuildFile section */
		7E1C63B01CB7AC360081A96B /* MyTableViewController.m in Sources */ = {isa = PBXBuildFile; fileRef = 7E1C63AE1CB7AC360081A96B /* MyTableViewController.m */; };
		7E1C63B11CB7AC360081A96B /* MyTableViewController.xib in Resources */ = {isa = PBXBuildFile; fileRef = 7E1C63AF1CB7AC360081A96B /* MyTableViewController.xib */; };
		7E1C63B41CB7ACF40081A96B /* CustomNavViewController.m in Sources */ = {isa = PBXBuildFile; fileRef = 7E1C63B31CB7ACF40081A96B /* CustomNavViewController.m */; };
		7E1C63B91CB7B2BF0081A96B /* MyTableViewCell1.m in Sources */ = {isa = PBXBuildFile; fileRef = 7E1C63B71CB7B2BF0081A96B /* MyTableViewCell1.m */; };
		7E1C63BA1CB7B2BF0081A96B /* MyTableViewCell1.xib in Resources */ = {isa = PBXBuildFile; fileRef = 7E1C63B81CB7B2BF0081A96B /* MyTableViewCell1.xib */; };
		7E1C63BE1CB7B2CE0081A96B /* MyTableViewCell2.m in Sources */ = {isa = PBXBuildFile; fileRef = 7E1C63BC1CB7B2CE0081A96B /* MyTableViewCell2.m */; };
		7E1C63BF1CB7B2CE0081A96B /* MyTableViewCell2.xib in Resources */ = {isa = PBXBuildFile; fileRef = 7E1C63BD1CB7B2CE0081A96B /* MyTableViewCell2.xib */; };
		7E1C63C51CB892240081A96B /* XXTabBarController.m in Sources */ = {isa = PBXBuildFile; fileRef = 7E1C63C41CB892240081A96B /* XXTabBarController.m */; };
		7E2D0EEA1CB79B9800CFB001 /* CustomViewController.m in Sources */ = {isa = PBXBuildFile; fileRef = 7E2D0EE81CB79B9800CFB001 /* CustomViewController.m */; };
		7EB5D00B1CDB5BCF001B9B40 /* BannerViewController.m in Sources */ = {isa = PBXBuildFile; fileRef = 7EB5D0091CDB5BCF001B9B40 /* BannerViewController.m */; };
		7EB5D00C1CDB5BCF001B9B40 /* BannerViewController.xib in Resources */ = {isa = PBXBuildFile; fileRef = 7EB5D00A1CDB5BCF001B9B40 /* BannerViewController.xib */; };
		7EB5D0141CDB6038001B9B40 /* ViewControllerPage1.m in Sources */ = {isa = PBXBuildFile; fileRef = 7EB5D0121CDB6038001B9B40 /* ViewControllerPage1.m */; };
		7EB5D0151CDB6038001B9B40 /* ViewControllerPage1.xib in Resources */ = {isa = PBXBuildFile; fileRef = 7EB5D0131CDB6038001B9B40 /* ViewControllerPage1.xib */; };
		7EB5D0171CDB60C6001B9B40 /* 3.png in Resources */ = {isa = PBXBuildFile; fileRef = 7EB5D0161CDB60C6001B9B40 /* 3.png */; };
		7ECB7D411CB40E8D002D4805 /* main.m in Sources */ = {isa = PBXBuildFile; fileRef = 7ECB7D401CB40E8D002D4805 /* main.m */; };
		7ECB7D441CB40E8D002D4805 /* AppDelegate.m in Sources */ = {isa = PBXBuildFile; fileRef = 7ECB7D431CB40E8D002D4805 /* AppDelegate.m */; };
		7ECB7D4C1CB40E8D002D4805 /* Assets.xcassets in Resources */ = {isa = PBXBuildFile; fileRef = 7ECB7D4B1CB40E8D002D4805 /* Assets.xcassets */; };
		7ECB7D4F1CB40E8D002D4805 /* LaunchScreen.storyboard in Resources */ = {isa = PBXBuildFile; fileRef = 7ECB7D4D1CB40E8D002D4805 /* LaunchScreen.storyboard */; };
		7ECB7D5A1CB40E8D002D4805 /* StudyiOSDevTests.m in Sources */ = {isa = PBXBuildFile; fileRef = 7ECB7D591CB40E8D002D4805 /* StudyiOSDevTests.m */; };
		7ECB7D651CB40E8D002D4805 /* StudyiOSDevUITests.m in Sources */ = {isa = PBXBuildFile; fileRef = 7ECB7D641CB40E8D002D4805 /* StudyiOSDevUITests.m */; };
		7EDDF43A1D0D49FB0000C874 /* XXSegmentViewController.m in Sources */ = {isa = PBXBuildFile; fileRef = 7EDDF4381D0D49FB0000C874 /* XXSegmentViewController.m */; };
		7EDDF43B1D0D49FB0000C874 /* XXSegmentViewController.xib in Resources */ = {isa = PBXBuildFile; fileRef = 7EDDF4391D0D49FB0000C874 /* XXSegmentViewController.xib */; };
		7EDDF43E1D0D4A350000C874 /* XXSegmentView.m in Sources */ = {isa = PBXBuildFile; fileRef = 7EDDF43D1D0D4A350000C874 /* XXSegmentView.m */; };
		7EDDF4411D0ED54D0000C874 /* niconiconi.gif in Resources */ = {isa = PBXBuildFile; fileRef = 7EDDF4401D0ED54D0000C874 /* niconiconi.gif */; };
		7EDDF4451D0ED5690000C874 /* GifViewController.m in Sources */ = {isa = PBXBuildFile; fileRef = 7EDDF4431D0ED5690000C874 /* GifViewController.m */; };
		7EDDF4461D0ED5690000C874 /* GifViewController.xib in Resources */ = {isa = PBXBuildFile; fileRef = 7EDDF4441D0ED5690000C874 /* GifViewController.xib */; };
		7EDDF44D1D1007510000C874 /* SDImageTestViewController.m in Sources */ = {isa = PBXBuildFile; fileRef = 7EDDF44C1D1007510000C874 /* SDImageTestViewController.m */; };
		7EEB8B741D2A47170007843C /* MyUICollectionVC.m in Sources */ = {isa = PBXBuildFile; fileRef = 7EEB8B721D2A47170007843C /* MyUICollectionVC.m */; };
		7EEB8B751D2A47170007843C /* MyUICollectionVC.xib in Resources */ = {isa = PBXBuildFile; fileRef = 7EEB8B731D2A47170007843C /* MyUICollectionVC.xib */; };
		7EF514E51D07E8C100494D17 /* TTTLabelViewController.m in Sources */ = {isa = PBXBuildFile; fileRef = 7EF514E31D07E8C100494D17 /* TTTLabelViewController.m */; };
		7EF514E61D07E8C100494D17 /* TTTLabelViewController.xib in Resources */ = {isa = PBXBuildFile; fileRef = 7EF514E41D07E8C100494D17 /* TTTLabelViewController.xib */; };
		7EF514EB1D07F15C00494D17 /* MJRefreshTableViewController.m in Sources */ = {isa = PBXBuildFile; fileRef = 7EF514E91D07F15C00494D17 /* MJRefreshTableViewController.m */; };
		7EF514EC1D07F15C00494D17 /* MJRefreshTableViewController.xib in Resources */ = {isa = PBXBuildFile; fileRef = 7EF514EA1D07F15C00494D17 /* MJRefreshTableViewController.xib */; };
		7EFB94DA1D211781004A00D3 /* NSString+XX.m in Sources */ = {isa = PBXBuildFile; fileRef = 7EFB94D91D211781004A00D3 /* NSString+XX.m */; };
		88BBF556D2B18435C589750D /* libPods-StudyiOSDev.a in Frameworks */ = {isa = PBXBuildFile; fileRef = 7ECCD2EEF555B64BF6E69159 /* libPods-StudyiOSDev.a */; };
/* End PBXBuildFile section */

/* Begin PBXContainerItemProxy section */
		7ECB7D561CB40E8D002D4805 /* PBXContainerItemProxy */ = {
			isa = PBXContainerItemProxy;
			containerPortal = 7ECB7D341CB40E8D002D4805 /* Project object */;
			proxyType = 1;
			remoteGlobalIDString = 7ECB7D3B1CB40E8D002D4805;
			remoteInfo = StudyiOSDev;
		};
		7ECB7D611CB40E8D002D4805 /* PBXContainerItemProxy */ = {
			isa = PBXContainerItemProxy;
			containerPortal = 7ECB7D341CB40E8D002D4805 /* Project object */;
			proxyType = 1;
			remoteGlobalIDString = 7ECB7D3B1CB40E8D002D4805;
			remoteInfo = StudyiOSDev;
		};
/* End PBXContainerItemProxy section */

/* Begin PBXFileReference section */
		15C71B0A3D8D5E1BAC88445E /* Pods-StudyiOSDev.release.xcconfig */ = {isa = PBXFileReference; includeInIndex = 1; lastKnownFileType = text.xcconfig; name = "Pods-StudyiOSDev.release.xcconfig"; path = "Pods/Target Support Files/Pods-StudyiOSDev/Pods-StudyiOSDev.release.xcconfig"; sourceTree = "<group>"; };
		7E1C63AD1CB7AC360081A96B /* MyTableViewController.h */ = {isa = PBXFileReference; fileEncoding = 4; lastKnownFileType = sourcecode.c.h; path = MyTableViewController.h; sourceTree = "<group>"; };
		7E1C63AE1CB7AC360081A96B /* MyTableViewController.m */ = {isa = PBXFileReference; fileEncoding = 4; lastKnownFileType = sourcecode.c.objc; path = MyTableViewController.m; sourceTree = "<group>"; };
		7E1C63AF1CB7AC360081A96B /* MyTableViewController.xib */ = {isa = PBXFileReference; fileEncoding = 4; lastKnownFileType = file.xib; path = MyTableViewController.xib; sourceTree = "<group>"; };
		7E1C63B21CB7ACF40081A96B /* CustomNavViewController.h */ = {isa = PBXFileReference; fileEncoding = 4; lastKnownFileType = sourcecode.c.h; path = CustomNavViewController.h; sourceTree = "<group>"; };
		7E1C63B31CB7ACF40081A96B /* CustomNavViewController.m */ = {isa = PBXFileReference; fileEncoding = 4; lastKnownFileType = sourcecode.c.objc; path = CustomNavViewController.m; sourceTree = "<group>"; };
		7E1C63B61CB7B2BF0081A96B /* MyTableViewCell1.h */ = {isa = PBXFileReference; fileEncoding = 4; lastKnownFileType = sourcecode.c.h; path = MyTableViewCell1.h; sourceTree = "<group>"; };
		7E1C63B71CB7B2BF0081A96B /* MyTableViewCell1.m */ = {isa = PBXFileReference; fileEncoding = 4; lastKnownFileType = sourcecode.c.objc; path = MyTableViewCell1.m; sourceTree = "<group>"; };
		7E1C63B81CB7B2BF0081A96B /* MyTableViewCell1.xib */ = {isa = PBXFileReference; fileEncoding = 4; lastKnownFileType = file.xib; path = MyTableViewCell1.xib; sourceTree = "<group>"; };
		7E1C63BB1CB7B2CE0081A96B /* MyTableViewCell2.h */ = {isa = PBXFileReference; fileEncoding = 4; lastKnownFileType = sourcecode.c.h; path = MyTableViewCell2.h; sourceTree = "<group>"; };
		7E1C63BC1CB7B2CE0081A96B /* MyTableViewCell2.m */ = {isa = PBXFileReference; fileEncoding = 4; lastKnownFileType = sourcecode.c.objc; path = MyTableViewCell2.m; sourceTree = "<group>"; };
		7E1C63BD1CB7B2CE0081A96B /* MyTableViewCell2.xib */ = {isa = PBXFileReference; fileEncoding = 4; lastKnownFileType = file.xib; path = MyTableViewCell2.xib; sourceTree = "<group>"; };
		7E1C63C31CB892240081A96B /* XXTabBarController.h */ = {isa = PBXFileReference; fileEncoding = 4; lastKnownFileType = sourcecode.c.h; path = XXTabBarController.h; sourceTree = "<group>"; };
		7E1C63C41CB892240081A96B /* XXTabBarController.m */ = {isa = PBXFileReference; fileEncoding = 4; lastKnownFileType = sourcecode.c.objc; path = XXTabBarController.m; sourceTree = "<group>"; };
		7E2D0EE71CB79B9800CFB001 /* CustomViewController.h */ = {isa = PBXFileReference; fileEncoding = 4; lastKnownFileType = sourcecode.c.h; path = CustomViewController.h; sourceTree = "<group>"; };
		7E2D0EE81CB79B9800CFB001 /* CustomViewController.m */ = {isa = PBXFileReference; fileEncoding = 4; lastKnownFileType = sourcecode.c.objc; path = CustomViewController.m; sourceTree = "<group>"; };
		7EB5D0081CDB5BCF001B9B40 /* BannerViewController.h */ = {isa = PBXFileReference; fileEncoding = 4; lastKnownFileType = sourcecode.c.h; name = BannerViewController.h; path = page1/BannerViewController.h; sourceTree = "<group>"; };
		7EB5D0091CDB5BCF001B9B40 /* BannerViewController.m */ = {isa = PBXFileReference; fileEncoding = 4; lastKnownFileType = sourcecode.c.objc; name = BannerViewController.m; path = page1/BannerViewController.m; sourceTree = "<group>"; };
		7EB5D00A1CDB5BCF001B9B40 /* BannerViewController.xib */ = {isa = PBXFileReference; fileEncoding = 4; lastKnownFileType = file.xib; name = BannerViewController.xib; path = page1/BannerViewController.xib; sourceTree = "<group>"; };
		7EB5D0111CDB6038001B9B40 /* ViewControllerPage1.h */ = {isa = PBXFileReference; fileEncoding = 4; lastKnownFileType = sourcecode.c.h; name = ViewControllerPage1.h; path = page1/ViewControllerPage1.h; sourceTree = "<group>"; };
		7EB5D0121CDB6038001B9B40 /* ViewControllerPage1.m */ = {isa = PBXFileReference; fileEncoding = 4; lastKnownFileType = sourcecode.c.objc; name = ViewControllerPage1.m; path = page1/ViewControllerPage1.m; sourceTree = "<group>"; };
		7EB5D0131CDB6038001B9B40 /* ViewControllerPage1.xib */ = {isa = PBXFileReference; fileEncoding = 4; lastKnownFileType = file.xib; name = ViewControllerPage1.xib; path = page1/ViewControllerPage1.xib; sourceTree = "<group>"; };
		7EB5D0161CDB60C6001B9B40 /* 3.png */ = {isa = PBXFileReference; lastKnownFileType = image.png; name = 3.png; path = page1/3.png; sourceTree = "<group>"; };
		7ECB7D3C1CB40E8D002D4805 /* StudyiOSDev.app */ = {isa = PBXFileReference; explicitFileType = wrapper.application; includeInIndex = 0; path = StudyiOSDev.app; sourceTree = BUILT_PRODUCTS_DIR; };
		7ECB7D401CB40E8D002D4805 /* main.m */ = {isa = PBXFileReference; lastKnownFileType = sourcecode.c.objc; path = main.m; sourceTree = "<group>"; };
		7ECB7D421CB40E8D002D4805 /* AppDelegate.h */ = {isa = PBXFileReference; lastKnownFileType = sourcecode.c.h; path = AppDelegate.h; sourceTree = "<group>"; };
		7ECB7D431CB40E8D002D4805 /* AppDelegate.m */ = {isa = PBXFileReference; lastKnownFileType = sourcecode.c.objc; path = AppDelegate.m; sourceTree = "<group>"; };
		7ECB7D4B1CB40E8D002D4805 /* Assets.xcassets */ = {isa = PBXFileReference; lastKnownFileType = folder.assetcatalog; path = Assets.xcassets; sourceTree = "<group>"; };
		7ECB7D4E1CB40E8D002D4805 /* Base */ = {isa = PBXFileReference; lastKnownFileType = file.storyboard; name = Base; path = Base.lproj/LaunchScreen.storyboard; sourceTree = "<group>"; };
		7ECB7D501CB40E8D002D4805 /* Info.plist */ = {isa = PBXFileReference; lastKnownFileType = text.plist.xml; path = Info.plist; sourceTree = "<group>"; };
		7ECB7D551CB40E8D002D4805 /* StudyiOSDevTests.xctest */ = {isa = PBXFileReference; explicitFileType = wrapper.cfbundle; includeInIndex = 0; path = StudyiOSDevTests.xctest; sourceTree = BUILT_PRODUCTS_DIR; };
		7ECB7D591CB40E8D002D4805 /* StudyiOSDevTests.m */ = {isa = PBXFileReference; lastKnownFileType = sourcecode.c.objc; path = StudyiOSDevTests.m; sourceTree = "<group>"; };
		7ECB7D5B1CB40E8D002D4805 /* Info.plist */ = {isa = PBXFileReference; lastKnownFileType = text.plist.xml; path = Info.plist; sourceTree = "<group>"; };
		7ECB7D601CB40E8D002D4805 /* StudyiOSDevUITests.xctest */ = {isa = PBXFileReference; explicitFileType = wrapper.cfbundle; includeInIndex = 0; path = StudyiOSDevUITests.xctest; sourceTree = BUILT_PRODUCTS_DIR; };
		7ECB7D641CB40E8D002D4805 /* StudyiOSDevUITests.m */ = {isa = PBXFileReference; lastKnownFileType = sourcecode.c.objc; path = StudyiOSDevUITests.m; sourceTree = "<group>"; };
		7ECB7D661CB40E8D002D4805 /* Info.plist */ = {isa = PBXFileReference; lastKnownFileType = text.plist.xml; path = Info.plist; sourceTree = "<group>"; };
		7ECCD2EEF555B64BF6E69159 /* libPods-StudyiOSDev.a */ = {isa = PBXFileReference; explicitFileType = archive.ar; includeInIndex = 0; path = "libPods-StudyiOSDev.a"; sourceTree = BUILT_PRODUCTS_DIR; };
		7EDDF4371D0D49FB0000C874 /* XXSegmentViewController.h */ = {isa = PBXFileReference; fileEncoding = 4; lastKnownFileType = sourcecode.c.h; path = XXSegmentViewController.h; sourceTree = "<group>"; };
		7EDDF4381D0D49FB0000C874 /* XXSegmentViewController.m */ = {isa = PBXFileReference; fileEncoding = 4; lastKnownFileType = sourcecode.c.objc; path = XXSegmentViewController.m; sourceTree = "<group>"; };
		7EDDF4391D0D49FB0000C874 /* XXSegmentViewController.xib */ = {isa = PBXFileReference; fileEncoding = 4; lastKnownFileType = file.xib; path = XXSegmentViewController.xib; sourceTree = "<group>"; };
		7EDDF43C1D0D4A350000C874 /* XXSegmentView.h */ = {isa = PBXFileReference; fileEncoding = 4; lastKnownFileType = sourcecode.c.h; path = XXSegmentView.h; sourceTree = "<group>"; };
		7EDDF43D1D0D4A350000C874 /* XXSegmentView.m */ = {isa = PBXFileReference; fileEncoding = 4; lastKnownFileType = sourcecode.c.objc; path = XXSegmentView.m; sourceTree = "<group>"; };
		7EDDF4401D0ED54D0000C874 /* niconiconi.gif */ = {isa = PBXFileReference; lastKnownFileType = image.gif; name = niconiconi.gif; path = page1/niconiconi.gif; sourceTree = "<group>"; };
		7EDDF4421D0ED5690000C874 /* GifViewController.h */ = {isa = PBXFileReference; fileEncoding = 4; lastKnownFileType = sourcecode.c.h; path = GifViewController.h; sourceTree = "<group>"; };
		7EDDF4431D0ED5690000C874 /* GifViewController.m */ = {isa = PBXFileReference; fileEncoding = 4; lastKnownFileType = sourcecode.c.objc; path = GifViewController.m; sourceTree = "<group>"; };
		7EDDF4441D0ED5690000C874 /* GifViewController.xib */ = {isa = PBXFileReference; fileEncoding = 4; lastKnownFileType = file.xib; path = GifViewController.xib; sourceTree = "<group>"; };
		7EDDF44B1D1007510000C874 /* SDImageTestViewController.h */ = {isa = PBXFileReference; fileEncoding = 4; lastKnownFileType = sourcecode.c.h; path = SDImageTestViewController.h; sourceTree = "<group>"; };
		7EDDF44C1D1007510000C874 /* SDImageTestViewController.m */ = {isa = PBXFileReference; fileEncoding = 4; lastKnownFileType = sourcecode.c.objc; path = SDImageTestViewController.m; sourceTree = "<group>"; };
		7EEB8B711D2A47170007843C /* MyUICollectionVC.h */ = {isa = PBXFileReference; fileEncoding = 4; lastKnownFileType = sourcecode.c.h; path = MyUICollectionVC.h; sourceTree = "<group>"; };
		7EEB8B721D2A47170007843C /* MyUICollectionVC.m */ = {isa = PBXFileReference; fileEncoding = 4; lastKnownFileType = sourcecode.c.objc; path = MyUICollectionVC.m; sourceTree = "<group>"; };
		7EEB8B731D2A47170007843C /* MyUICollectionVC.xib */ = {isa = PBXFileReference; fileEncoding = 4; lastKnownFileType = file.xib; path = MyUICollectionVC.xib; sourceTree = "<group>"; };
		7EF4A9A61D17F0F4004BC3D3 /* Header.h */ = {isa = PBXFileReference; lastKnownFileType = sourcecode.c.h; path = Header.h; sourceTree = "<group>"; };
		7EF514E21D07E8C100494D17 /* TTTLabelViewController.h */ = {isa = PBXFileReference; fileEncoding = 4; lastKnownFileType = sourcecode.c.h; name = TTTLabelViewController.h; path = page1/TTTLabelViewController.h; sourceTree = "<group>"; };
		7EF514E31D07E8C100494D17 /* TTTLabelViewController.m */ = {isa = PBXFileReference; fileEncoding = 4; lastKnownFileType = sourcecode.c.objc; name = TTTLabelViewController.m; path = page1/TTTLabelViewController.m; sourceTree = "<group>"; };
		7EF514E41D07E8C100494D17 /* TTTLabelViewController.xib */ = {isa = PBXFileReference; fileEncoding = 4; lastKnownFileType = file.xib; name = TTTLabelViewController.xib; path = page1/TTTLabelViewController.xib; sourceTree = "<group>"; };
		7EF514E81D07F15C00494D17 /* MJRefreshTableViewController.h */ = {isa = PBXFileReference; fileEncoding = 4; lastKnownFileType = sourcecode.c.h; path = MJRefreshTableViewController.h; sourceTree = "<group>"; };
		7EF514E91D07F15C00494D17 /* MJRefreshTableViewController.m */ = {isa = PBXFileReference; fileEncoding = 4; lastKnownFileType = sourcecode.c.objc; path = MJRefreshTableViewController.m; sourceTree = "<group>"; };
		7EF514EA1D07F15C00494D17 /* MJRefreshTableViewController.xib */ = {isa = PBXFileReference; fileEncoding = 4; lastKnownFileType = file.xib; path = MJRefreshTableViewController.xib; sourceTree = "<group>"; };
		7EFB94D81D211781004A00D3 /* NSString+XX.h */ = {isa = PBXFileReference; fileEncoding = 4; lastKnownFileType = sourcecode.c.h; path = "NSString+XX.h"; sourceTree = "<group>"; };
		7EFB94D91D211781004A00D3 /* NSString+XX.m */ = {isa = PBXFileReference; fileEncoding = 4; lastKnownFileType = sourcecode.c.objc; path = "NSString+XX.m"; sourceTree = "<group>"; };
		BDA8389F590BDB51B629524D /* Pods-StudyiOSDev.debug.xcconfig */ = {isa = PBXFileReference; includeInIndex = 1; lastKnownFileType = text.xcconfig; name = "Pods-StudyiOSDev.debug.xcconfig"; path = "Pods/Target Support Files/Pods-StudyiOSDev/Pods-StudyiOSDev.debug.xcconfig"; sourceTree = "<group>"; };
/* End PBXFileReference section */

/* Begin PBXFrameworksBuildPhase section */
		7ECB7D391CB40E8D002D4805 /* Frameworks */ = {
			isa = PBXFrameworksBuildPhase;
			buildActionMask = 2147483647;
			files = (
				88BBF556D2B18435C589750D /* libPods-StudyiOSDev.a in Frameworks */,
			);
			runOnlyForDeploymentPostprocessing = 0;
		};
		7ECB7D521CB40E8D002D4805 /* Frameworks */ = {
			isa = PBXFrameworksBuildPhase;
			buildActionMask = 2147483647;
			files = (
			);
			runOnlyForDeploymentPostprocessing = 0;
		};
		7ECB7D5D1CB40E8D002D4805 /* Frameworks */ = {
			isa = PBXFrameworksBuildPhase;
			buildActionMask = 2147483647;
			files = (
			);
			runOnlyForDeploymentPostprocessing = 0;
		};
/* End PBXFrameworksBuildPhase section */

/* Begin PBXGroup section */
		604CD01887C1488CD3C2AD72 /* Frameworks */ = {
			isa = PBXGroup;
			children = (
				7ECCD2EEF555B64BF6E69159 /* libPods-StudyiOSDev.a */,
			);
			name = Frameworks;
			sourceTree = "<group>";
		};
		7E1C63AC1CB7AC140081A96B /* Page2 */ = {
			isa = PBXGroup;
			children = (
				7E1C63B51CB7B2940081A96B /* TableViewCell */,
				7E1C63AD1CB7AC360081A96B /* MyTableViewController.h */,
				7E1C63AE1CB7AC360081A96B /* MyTableViewController.m */,
				7E1C63AF1CB7AC360081A96B /* MyTableViewController.xib */,
			);
			name = Page2;
			sourceTree = "<group>";
		};
		7E1C63B51CB7B2940081A96B /* TableViewCell */ = {
			isa = PBXGroup;
			children = (
				7E1C63B61CB7B2BF0081A96B /* MyTableViewCell1.h */,
				7E1C63B71CB7B2BF0081A96B /* MyTableViewCell1.m */,
				7E1C63B81CB7B2BF0081A96B /* MyTableViewCell1.xib */,
				7E1C63BB1CB7B2CE0081A96B /* MyTableViewCell2.h */,
				7E1C63BC1CB7B2CE0081A96B /* MyTableViewCell2.m */,
				7E1C63BD1CB7B2CE0081A96B /* MyTableViewCell2.xib */,
			);
			name = TableViewCell;
			sourceTree = "<group>";
		};
		7E1C63C01CB7C1AB0081A96B /* Resource */ = {
			isa = PBXGroup;
			children = (
			);
			name = Resource;
			sourceTree = "<group>";
		};
		7E1C63CB1CB89B640081A96B /* Page1 */ = {
			isa = PBXGroup;
			children = (
				7EB5D0111CDB6038001B9B40 /* ViewControllerPage1.h */,
				7EB5D0121CDB6038001B9B40 /* ViewControllerPage1.m */,
				7EB5D0131CDB6038001B9B40 /* ViewControllerPage1.xib */,
				7EEB8B701D2A46F70007843C /* UICollectionView */,
				7EDDF44A1D1007350000C874 /* SdWebImage */,
				7EDDF43F1D0ED5390000C874 /* YYKit */,
				7EDDF4361D0D49C30000C874 /* XXSegment */,
				7EF514E71D07F13900494D17 /* MJRefreshTest */,
				7EF514E11D07E88600494D17 /* TTTLabel */,
				7EF5B2141CF2E395003B2101 /* Banner */,
			);
			name = Page1;
			sourceTree = "<group>";
		};
		7ECB7D331CB40E8D002D4805 = {
			isa = PBXGroup;
			children = (
				7E1C63C01CB7C1AB0081A96B /* Resource */,
				7ECB7D3E1CB40E8D002D4805 /* StudyiOSDev */,
				7ECB7D581CB40E8D002D4805 /* StudyiOSDevTests */,
				7ECB7D631CB40E8D002D4805 /* StudyiOSDevUITests */,
				7ECB7D3D1CB40E8D002D4805 /* Products */,
				DCD1065E7FEE28B662944355 /* Pods */,
				604CD01887C1488CD3C2AD72 /* Frameworks */,
			);
			sourceTree = "<group>";
		};
		7ECB7D3D1CB40E8D002D4805 /* Products */ = {
			isa = PBXGroup;
			children = (
				7ECB7D3C1CB40E8D002D4805 /* StudyiOSDev.app */,
				7ECB7D551CB40E8D002D4805 /* StudyiOSDevTests.xctest */,
				7ECB7D601CB40E8D002D4805 /* StudyiOSDevUITests.xctest */,
			);
			name = Products;
			sourceTree = "<group>";
		};
		7ECB7D3E1CB40E8D002D4805 /* StudyiOSDev */ = {
			isa = PBXGroup;
			children = (
				7EF4A9A61D17F0F4004BC3D3 /* Header.h */,
				7ECB7D421CB40E8D002D4805 /* AppDelegate.h */,
				7ECB7D431CB40E8D002D4805 /* AppDelegate.m */,
				7EFB94D81D211781004A00D3 /* NSString+XX.h */,
				7EFB94D91D211781004A00D3 /* NSString+XX.m */,
				7E1C63C31CB892240081A96B /* XXTabBarController.h */,
				7E1C63C41CB892240081A96B /* XXTabBarController.m */,
				7E1C63B21CB7ACF40081A96B /* CustomNavViewController.h */,
				7E1C63B31CB7ACF40081A96B /* CustomNavViewController.m */,
				7E2D0EE71CB79B9800CFB001 /* CustomViewController.h */,
				7E2D0EE81CB79B9800CFB001 /* CustomViewController.m */,
				7E1C63CB1CB89B640081A96B /* Page1 */,
				7E1C63AC1CB7AC140081A96B /* Page2 */,
				7ECB7D4B1CB40E8D002D4805 /* Assets.xcassets */,
				7ECB7D4D1CB40E8D002D4805 /* LaunchScreen.storyboard */,
				7ECB7D501CB40E8D002D4805 /* Info.plist */,
				7ECB7D3F1CB40E8D002D4805 /* Supporting Files */,
			);
			path = StudyiOSDev;
			sourceTree = "<group>";
		};
		7ECB7D3F1CB40E8D002D4805 /* Supporting Files */ = {
			isa = PBXGroup;
			children = (
				7ECB7D401CB40E8D002D4805 /* main.m */,
			);
			name = "Supporting Files";
			sourceTree = "<group>";
		};
		7ECB7D581CB40E8D002D4805 /* StudyiOSDevTests */ = {
			isa = PBXGroup;
			children = (
				7ECB7D591CB40E8D002D4805 /* StudyiOSDevTests.m */,
				7ECB7D5B1CB40E8D002D4805 /* Info.plist */,
			);
			path = StudyiOSDevTests;
			sourceTree = "<group>";
		};
		7ECB7D631CB40E8D002D4805 /* StudyiOSDevUITests */ = {
			isa = PBXGroup;
			children = (
				7ECB7D641CB40E8D002D4805 /* StudyiOSDevUITests.m */,
				7ECB7D661CB40E8D002D4805 /* Info.plist */,
			);
			path = StudyiOSDevUITests;
			sourceTree = "<group>";
		};
		7EDDF4361D0D49C30000C874 /* XXSegment */ = {
			isa = PBXGroup;
			children = (
				7EDDF4371D0D49FB0000C874 /* XXSegmentViewController.h */,
				7EDDF4381D0D49FB0000C874 /* XXSegmentViewController.m */,
				7EDDF4391D0D49FB0000C874 /* XXSegmentViewController.xib */,
				7EDDF43C1D0D4A350000C874 /* XXSegmentView.h */,
				7EDDF43D1D0D4A350000C874 /* XXSegmentView.m */,
			);
			name = XXSegment;
			sourceTree = "<group>";
		};
		7EDDF43F1D0ED5390000C874 /* YYKit */ = {
			isa = PBXGroup;
			children = (
				7EDDF4401D0ED54D0000C874 /* niconiconi.gif */,
				7EDDF4421D0ED5690000C874 /* GifViewController.h */,
				7EDDF4431D0ED5690000C874 /* GifViewController.m */,
				7EDDF4441D0ED5690000C874 /* GifViewController.xib */,
			);
			name = YYKit;
			sourceTree = "<group>";
		};
		7EDDF44A1D1007350000C874 /* SdWebImage */ = {
			isa = PBXGroup;
			children = (
				7EDDF44B1D1007510000C874 /* SDImageTestViewController.h */,
				7EDDF44C1D1007510000C874 /* SDImageTestViewController.m */,
			);
			name = SdWebImage;
			sourceTree = "<group>";
		};
		7EEB8B701D2A46F70007843C /* UICollectionView */ = {
			isa = PBXGroup;
			children = (
				7EEB8B711D2A47170007843C /* MyUICollectionVC.h */,
				7EEB8B721D2A47170007843C /* MyUICollectionVC.m */,
				7EEB8B731D2A47170007843C /* MyUICollectionVC.xib */,
			);
			name = UICollectionView;
			sourceTree = "<group>";
		};
		7EF514E11D07E88600494D17 /* TTTLabel */ = {
			isa = PBXGroup;
			children = (
				7EF514E21D07E8C100494D17 /* TTTLabelViewController.h */,
				7EF514E31D07E8C100494D17 /* TTTLabelViewController.m */,
				7EF514E41D07E8C100494D17 /* TTTLabelViewController.xib */,
			);
			name = TTTLabel;
			sourceTree = "<group>";
		};
		7EF514E71D07F13900494D17 /* MJRefreshTest */ = {
			isa = PBXGroup;
			children = (
				7EF514E81D07F15C00494D17 /* MJRefreshTableViewController.h */,
				7EF514E91D07F15C00494D17 /* MJRefreshTableViewController.m */,
				7EF514EA1D07F15C00494D17 /* MJRefreshTableViewController.xib */,
			);
			name = MJRefreshTest;
			sourceTree = "<group>";
		};
		7EF5B2141CF2E395003B2101 /* Banner */ = {
			isa = PBXGroup;
			children = (
				7EB5D0081CDB5BCF001B9B40 /* BannerViewController.h */,
				7EB5D0091CDB5BCF001B9B40 /* BannerViewController.m */,
				7EB5D00A1CDB5BCF001B9B40 /* BannerViewController.xib */,
				7EB5D0161CDB60C6001B9B40 /* 3.png */,
			);
			name = Banner;
			sourceTree = "<group>";
		};
		DCD1065E7FEE28B662944355 /* Pods */ = {
			isa = PBXGroup;
			children = (
				BDA8389F590BDB51B629524D /* Pods-StudyiOSDev.debug.xcconfig */,
				15C71B0A3D8D5E1BAC88445E /* Pods-StudyiOSDev.release.xcconfig */,
			);
			name = Pods;
			sourceTree = "<group>";
		};
/* End PBXGroup section */

/* Begin PBXNativeTarget section */
		7ECB7D3B1CB40E8D002D4805 /* StudyiOSDev */ = {
			isa = PBXNativeTarget;
			buildConfigurationList = 7ECB7D691CB40E8D002D4805 /* Build configuration list for PBXNativeTarget "StudyiOSDev" */;
			buildPhases = (
				26D710396A5BB9692557191E /* [CP] Check Pods Manifest.lock */,
				7ECB7D381CB40E8D002D4805 /* Sources */,
				7ECB7D391CB40E8D002D4805 /* Frameworks */,
				7ECB7D3A1CB40E8D002D4805 /* Resources */,
				CB9EF476BF7E9D48D9FD92AB /* [CP] Embed Pods Frameworks */,
				B8B12F301E7C2D1A0A672C0D /* [CP] Copy Pods Resources */,
			);
			buildRules = (
			);
			dependencies = (
			);
			name = StudyiOSDev;
			productName = StudyiOSDev;
			productReference = 7ECB7D3C1CB40E8D002D4805 /* StudyiOSDev.app */;
			productType = "com.apple.product-type.application";
		};
		7ECB7D541CB40E8D002D4805 /* StudyiOSDevTests */ = {
			isa = PBXNativeTarget;
			buildConfigurationList = 7ECB7D6C1CB40E8D002D4805 /* Build configuration list for PBXNativeTarget "StudyiOSDevTests" */;
			buildPhases = (
				7ECB7D511CB40E8D002D4805 /* Sources */,
				7ECB7D521CB40E8D002D4805 /* Frameworks */,
				7ECB7D531CB40E8D002D4805 /* Resources */,
			);
			buildRules = (
			);
			dependencies = (
				7ECB7D571CB40E8D002D4805 /* PBXTargetDependency */,
			);
			name = StudyiOSDevTests;
			productName = StudyiOSDevTests;
			productReference = 7ECB7D551CB40E8D002D4805 /* StudyiOSDevTests.xctest */;
			productType = "com.apple.product-type.bundle.unit-test";
		};
		7ECB7D5F1CB40E8D002D4805 /* StudyiOSDevUITests */ = {
			isa = PBXNativeTarget;
			buildConfigurationList = 7ECB7D6F1CB40E8D002D4805 /* Build configuration list for PBXNativeTarget "StudyiOSDevUITests" */;
			buildPhases = (
				7ECB7D5C1CB40E8D002D4805 /* Sources */,
				7ECB7D5D1CB40E8D002D4805 /* Frameworks */,
				7ECB7D5E1CB40E8D002D4805 /* Resources */,
			);
			buildRules = (
			);
			dependencies = (
				7ECB7D621CB40E8D002D4805 /* PBXTargetDependency */,
			);
			name = StudyiOSDevUITests;
			productName = StudyiOSDevUITests;
			productReference = 7ECB7D601CB40E8D002D4805 /* StudyiOSDevUITests.xctest */;
			productType = "com.apple.product-type.bundle.ui-testing";
		};
/* End PBXNativeTarget section */

/* Begin PBXProject section */
		7ECB7D341CB40E8D002D4805 /* Project object */ = {
			isa = PBXProject;
			attributes = {
				LastUpgradeCheck = 0730;
				ORGANIZATIONNAME = "孙春杰";
				TargetAttributes = {
					7ECB7D3B1CB40E8D002D4805 = {
						CreatedOnToolsVersion = 7.3;
						DevelopmentTeam = 8W99X2RR57;
					};
					7ECB7D541CB40E8D002D4805 = {
						CreatedOnToolsVersion = 7.3;
						TestTargetID = 7ECB7D3B1CB40E8D002D4805;
					};
					7ECB7D5F1CB40E8D002D4805 = {
						CreatedOnToolsVersion = 7.3;
						TestTargetID = 7ECB7D3B1CB40E8D002D4805;
					};
				};
			};
			buildConfigurationList = 7ECB7D371CB40E8D002D4805 /* Build configuration list for PBXProject "StudyiOSDev" */;
			compatibilityVersion = "Xcode 3.2";
			developmentRegion = English;
			hasScannedForEncodings = 0;
			knownRegions = (
				en,
				Base,
			);
			mainGroup = 7ECB7D331CB40E8D002D4805;
			productRefGroup = 7ECB7D3D1CB40E8D002D4805 /* Products */;
			projectDirPath = "";
			projectRoot = "";
			targets = (
				7ECB7D3B1CB40E8D002D4805 /* StudyiOSDev */,
				7ECB7D541CB40E8D002D4805 /* StudyiOSDevTests */,
				7ECB7D5F1CB40E8D002D4805 /* StudyiOSDevUITests */,
			);
		};
/* End PBXProject section */

/* Begin PBXResourcesBuildPhase section */
		7ECB7D3A1CB40E8D002D4805 /* Resources */ = {
			isa = PBXResourcesBuildPhase;
			buildActionMask = 2147483647;
			files = (
				7EEB8B751D2A47170007843C /* MyUICollectionVC.xib in Resources */,
				7EF514EC1D07F15C00494D17 /* MJRefreshTableViewController.xib in Resources */,
				7EB5D0171CDB60C6001B9B40 /* 3.png in Resources */,
				7E1C63BF1CB7B2CE0081A96B /* MyTableViewCell2.xib in Resources */,
				7EB5D0151CDB6038001B9B40 /* ViewControllerPage1.xib in Resources */,
				7EB5D00C1CDB5BCF001B9B40 /* BannerViewController.xib in Resources */,
				7EDDF4411D0ED54D0000C874 /* niconiconi.gif in Resources */,
				7ECB7D4F1CB40E8D002D4805 /* LaunchScreen.storyboard in Resources */,
				7ECB7D4C1CB40E8D002D4805 /* Assets.xcassets in Resources */,
				7E1C63B11CB7AC360081A96B /* MyTableViewController.xib in Resources */,
				7EF514E61D07E8C100494D17 /* TTTLabelViewController.xib in Resources */,
				7EDDF43B1D0D49FB0000C874 /* XXSegmentViewController.xib in Resources */,
				7E1C63BA1CB7B2BF0081A96B /* MyTableViewCell1.xib in Resources */,
				7EDDF4461D0ED5690000C874 /* GifViewController.xib in Resources */,
			);
			runOnlyForDeploymentPostprocessing = 0;
		};
		7ECB7D531CB40E8D002D4805 /* Resources */ = {
			isa = PBXResourcesBuildPhase;
			buildActionMask = 2147483647;
			files = (
			);
			runOnlyForDeploymentPostprocessing = 0;
		};
		7ECB7D5E1CB40E8D002D4805 /* Resources */ = {
			isa = PBXResourcesBuildPhase;
			buildActionMask = 2147483647;
			files = (
			);
			runOnlyForDeploymentPostprocessing = 0;
		};
/* End PBXResourcesBuildPhase section */

/* Begin PBXShellScriptBuildPhase section */
		26D710396A5BB9692557191E /* [CP] Check Pods Manifest.lock */ = {
			isa = PBXShellScriptBuildPhase;
			buildActionMask = 2147483647;
			files = (
			);
			inputPaths = (
			);
			name = "[CP] Check Pods Manifest.lock";
			outputPaths = (
			);
			runOnlyForDeploymentPostprocessing = 0;
			shellPath = /bin/sh;
			shellScript = "diff \"${PODS_ROOT}/../Podfile.lock\" \"${PODS_ROOT}/Manifest.lock\" > /dev/null\nif [[ $? != 0 ]] ; then\n    cat << EOM\nerror: The sandbox is not in sync with the Podfile.lock. Run 'pod install' or update your CocoaPods installation.\nEOM\n    exit 1\nfi\n";
			showEnvVarsInLog = 0;
		};
		B8B12F301E7C2D1A0A672C0D /* [CP] Copy Pods Resources */ = {
			isa = PBXShellScriptBuildPhase;
			buildActionMask = 2147483647;
			files = (
			);
			inputPaths = (
			);
			name = "[CP] Copy Pods Resources";
			outputPaths = (
			);
			runOnlyForDeploymentPostprocessing = 0;
			shellPath = /bin/sh;
			shellScript = "\"${SRCROOT}/Pods/Target Support Files/Pods-StudyiOSDev/Pods-StudyiOSDev-resources.sh\"\n";
			showEnvVarsInLog = 0;
		};
		CB9EF476BF7E9D48D9FD92AB /* [CP] Embed Pods Frameworks */ = {
			isa = PBXShellScriptBuildPhase;
			buildActionMask = 2147483647;
			files = (
			);
			inputPaths = (
			);
			name = "[CP] Embed Pods Frameworks";
			outputPaths = (
			);
			runOnlyForDeploymentPostprocessing = 0;
			shellPath = /bin/sh;
			shellScript = "\"${SRCROOT}/Pods/Target Support Files/Pods-StudyiOSDev/Pods-StudyiOSDev-frameworks.sh\"\n";
			showEnvVarsInLog = 0;
		};
/* End PBXShellScriptBuildPhase section */

/* Begin PBXSourcesBuildPhase section */
		7ECB7D381CB40E8D002D4805 /* Sources */ = {
			isa = PBXSourcesBuildPhase;
			buildActionMask = 2147483647;
			files = (
				7EDDF4451D0ED5690000C874 /* GifViewController.m in Sources */,
				7EDDF43E1D0D4A350000C874 /* XXSegmentView.m in Sources */,
				7E1C63BE1CB7B2CE0081A96B /* MyTableViewCell2.m in Sources */,
				7E1C63B41CB7ACF40081A96B /* CustomNavViewController.m in Sources */,
				7EDDF43A1D0D49FB0000C874 /* XXSegmentViewController.m in Sources */,
				7E1C63C51CB892240081A96B /* XXTabBarController.m in Sources */,
				7EFB94DA1D211781004A00D3 /* NSString+XX.m in Sources */,
				7E1C63B01CB7AC360081A96B /* MyTableViewController.m in Sources */,
				7E1C63B91CB7B2BF0081A96B /* MyTableViewCell1.m in Sources */,
				7EF514E51D07E8C100494D17 /* TTTLabelViewController.m in Sources */,
				7ECB7D441CB40E8D002D4805 /* AppDelegate.m in Sources */,
				7EEB8B741D2A47170007843C /* MyUICollectionVC.m in Sources */,
				7EB5D0141CDB6038001B9B40 /* ViewControllerPage1.m in Sources */,
				7EB5D00B1CDB5BCF001B9B40 /* BannerViewController.m in Sources */,
				7E2D0EEA1CB79B9800CFB001 /* CustomViewController.m in Sources */,
				7EF514EB1D07F15C00494D17 /* MJRefreshTableViewController.m in Sources */,
				7ECB7D411CB40E8D002D4805 /* main.m in Sources */,
				7EDDF44D1D1007510000C874 /* SDImageTestViewController.m in Sources */,
			);
			runOnlyForDeploymentPostprocessing = 0;
		};
		7ECB7D511CB40E8D002D4805 /* Sources */ = {
			isa = PBXSourcesBuildPhase;
			buildActionMask = 2147483647;
			files = (
				7ECB7D5A1CB40E8D002D4805 /* StudyiOSDevTests.m in Sources */,
			);
			runOnlyForDeploymentPostprocessing = 0;
		};
		7ECB7D5C1CB40E8D002D4805 /* Sources */ = {
			isa = PBXSourcesBuildPhase;
			buildActionMask = 2147483647;
			files = (
				7ECB7D651CB40E8D002D4805 /* StudyiOSDevUITests.m in Sources */,
			);
			runOnlyForDeploymentPostprocessing = 0;
		};
/* End PBXSourcesBuildPhase section */

/* Begin PBXTargetDependency section */
		7ECB7D571CB40E8D002D4805 /* PBXTargetDependency */ = {
			isa = PBXTargetDependency;
			target = 7ECB7D3B1CB40E8D002D4805 /* StudyiOSDev */;
			targetProxy = 7ECB7D561CB40E8D002D4805 /* PBXContainerItemProxy */;
		};
		7ECB7D621CB40E8D002D4805 /* PBXTargetDependency */ = {
			isa = PBXTargetDependency;
			target = 7ECB7D3B1CB40E8D002D4805 /* StudyiOSDev */;
			targetProxy = 7ECB7D611CB40E8D002D4805 /* PBXContainerItemProxy */;
		};
/* End PBXTargetDependency section */

/* Begin PBXVariantGroup section */
		7ECB7D4D1CB40E8D002D4805 /* LaunchScreen.storyboard */ = {
			isa = PBXVariantGroup;
			children = (
				7ECB7D4E1CB40E8D002D4805 /* Base */,
			);
			name = LaunchScreen.storyboard;
			sourceTree = "<group>";
		};
/* End PBXVariantGroup section */

/* Begin XCBuildConfiguration section */
		7ECB7D671CB40E8D002D4805 /* Debug */ = {
			isa = XCBuildConfiguration;
			buildSettings = {
				ALWAYS_SEARCH_USER_PATHS = NO;
				CLANG_ANALYZER_NONNULL = YES;
				CLANG_CXX_LANGUAGE_STANDARD = "gnu++0x";
				CLANG_CXX_LIBRARY = "libc++";
				CLANG_ENABLE_MODULES = YES;
				CLANG_ENABLE_OBJC_ARC = YES;
				CLANG_WARN_BOOL_CONVERSION = YES;
				CLANG_WARN_CONSTANT_CONVERSION = YES;
				CLANG_WARN_DIRECT_OBJC_ISA_USAGE = YES_ERROR;
				CLANG_WARN_EMPTY_BODY = YES;
				CLANG_WARN_ENUM_CONVERSION = YES;
				CLANG_WARN_INT_CONVERSION = YES;
				CLANG_WARN_OBJC_ROOT_CLASS = YES_ERROR;
				CLANG_WARN_UNREACHABLE_CODE = YES;
				CLANG_WARN__DUPLICATE_METHOD_MATCH = YES;
				"CODE_SIGN_IDENTITY[sdk=iphoneos*]" = "iPhone Developer";
				COPY_PHASE_STRIP = NO;
				DEBUG_INFORMATION_FORMAT = dwarf;
				ENABLE_STRICT_OBJC_MSGSEND = YES;
				ENABLE_TESTABILITY = YES;
				GCC_C_LANGUAGE_STANDARD = gnu99;
				GCC_DYNAMIC_NO_PIC = NO;
				GCC_NO_COMMON_BLOCKS = YES;
				GCC_OPTIMIZATION_LEVEL = 0;
				GCC_PREPROCESSOR_DEFINITIONS = (
					"DEBUG=1",
					"$(inherited)",
				);
				GCC_WARN_64_TO_32_BIT_CONVERSION = YES;
				GCC_WARN_ABOUT_RETURN_TYPE = YES_ERROR;
				GCC_WARN_UNDECLARED_SELECTOR = YES;
				GCC_WARN_UNINITIALIZED_AUTOS = YES_AGGRESSIVE;
				GCC_WARN_UNUSED_FUNCTION = YES;
				GCC_WARN_UNUSED_VARIABLE = YES;
				IPHONEOS_DEPLOYMENT_TARGET = 9.3;
				MTL_ENABLE_DEBUG_INFO = YES;
				ONLY_ACTIVE_ARCH = YES;
				SDKROOT = iphoneos;
				TARGETED_DEVICE_FAMILY = "1,2";
			};
			name = Debug;
		};
		7ECB7D681CB40E8D002D4805 /* Release */ = {
			isa = XCBuildConfiguration;
			buildSettings = {
				ALWAYS_SEARCH_USER_PATHS = NO;
				CLANG_ANALYZER_NONNULL = YES;
				CLANG_CXX_LANGUAGE_STANDARD = "gnu++0x";
				CLANG_CXX_LIBRARY = "libc++";
				CLANG_ENABLE_MODULES = YES;
				CLANG_ENABLE_OBJC_ARC = YES;
				CLANG_WARN_BOOL_CONVERSION = YES;
				CLANG_WARN_CONSTANT_CONVERSION = YES;
				CLANG_WARN_DIRECT_OBJC_ISA_USAGE = YES_ERROR;
				CLANG_WARN_EMPTY_BODY = YES;
				CLANG_WARN_ENUM_CONVERSION = YES;
				CLANG_WARN_INT_CONVERSION = YES;
				CLANG_WARN_OBJC_ROOT_CLASS = YES_ERROR;
				CLANG_WARN_UNREACHABLE_CODE = YES;
				CLANG_WARN__DUPLICATE_METHOD_MATCH = YES;
				"CODE_SIGN_IDENTITY[sdk=iphoneos*]" = "iPhone Developer";
				COPY_PHASE_STRIP = NO;
				DEBUG_INFORMATION_FORMAT = "dwarf-with-dsym";
				ENABLE_NS_ASSERTIONS = NO;
				ENABLE_STRICT_OBJC_MSGSEND = YES;
				GCC_C_LANGUAGE_STANDARD = gnu99;
				GCC_NO_COMMON_BLOCKS = YES;
				GCC_WARN_64_TO_32_BIT_CONVERSION = YES;
				GCC_WARN_ABOUT_RETURN_TYPE = YES_ERROR;
				GCC_WARN_UNDECLARED_SELECTOR = YES;
				GCC_WARN_UNINITIALIZED_AUTOS = YES_AGGRESSIVE;
				GCC_WARN_UNUSED_FUNCTION = YES;
				GCC_WARN_UNUSED_VARIABLE = YES;
				IPHONEOS_DEPLOYMENT_TARGET = 9.3;
				MTL_ENABLE_DEBUG_INFO = NO;
				SDKROOT = iphoneos;
				TARGETED_DEVICE_FAMILY = "1,2";
				VALIDATE_PRODUCT = YES;
			};
			name = Release;
		};
		7ECB7D6A1CB40E8D002D4805 /* Debug */ = {
			isa = XCBuildConfiguration;
			baseConfigurationReference = BDA8389F590BDB51B629524D /* Pods-StudyiOSDev.debug.xcconfig */;
			buildSettings = {
				ASSETCATALOG_COMPILER_APPICON_NAME = AppIcon;
				CODE_SIGN_IDENTITY = "iPhone Developer";
				"CODE_SIGN_IDENTITY[sdk=iphoneos*]" = "iPhone Developer";
				INFOPLIST_FILE = StudyiOSDev/Info.plist;
				IPHONEOS_DEPLOYMENT_TARGET = 8.0;
				LD_RUNPATH_SEARCH_PATHS = "$(inherited) @executable_path/Frameworks";
				PRODUCT_BUNDLE_IDENTIFIER = com.sunchunjie.StudyiOSDev;
				PRODUCT_NAME = "$(TARGET_NAME)";
				PROVISIONING_PROFILE = "";
			};
			name = Debug;
		};
		7ECB7D6B1CB40E8D002D4805 /* Release */ = {
			isa = XCBuildConfiguration;
			baseConfigurationReference = 15C71B0A3D8D5E1BAC88445E /* Pods-StudyiOSDev.release.xcconfig */;
			buildSettings = {
				ASSETCATALOG_COMPILER_APPICON_NAME = AppIcon;
				CODE_SIGN_IDENTITY = "iPhone Developer";
				"CODE_SIGN_IDENTITY[sdk=iphoneos*]" = "iPhone Developer";
				INFOPLIST_FILE = StudyiOSDev/Info.plist;
				IPHONEOS_DEPLOYMENT_TARGET = 8.0;
				LD_RUNPATH_SEARCH_PATHS = "$(inherited) @executable_path/Frameworks";
				PRODUCT_BUNDLE_IDENTIFIER = com.sunchunjie.StudyiOSDev;
				PRODUCT_NAME = "$(TARGET_NAME)";
				PROVISIONING_PROFILE = "";
			};
			name = Release;
		};
		7ECB7D6D1CB40E8D002D4805 /* Debug */ = {
			isa = XCBuildConfiguration;
			buildSettings = {
				BUNDLE_LOADER = "$(TEST_HOST)";
				INFOPLIST_FILE = StudyiOSDevTests/Info.plist;
				LD_RUNPATH_SEARCH_PATHS = "$(inherited) @executable_path/Frameworks @loader_path/Frameworks";
				PRODUCT_BUNDLE_IDENTIFIER = com.sunchunjie.StudyiOSDevTests;
				PRODUCT_NAME = "$(TARGET_NAME)";
				TEST_HOST = "$(BUILT_PRODUCTS_DIR)/StudyiOSDev.app/StudyiOSDev";
			};
			name = Debug;
		};
		7ECB7D6E1CB40E8D002D4805 /* Release */ = {
			isa = XCBuildConfiguration;
			buildSettings = {
				BUNDLE_LOADER = "$(TEST_HOST)";
				INFOPLIST_FILE = StudyiOSDevTests/Info.plist;
				LD_RUNPATH_SEARCH_PATHS = "$(inherited) @executable_path/Frameworks @loader_path/Frameworks";
				PRODUCT_BUNDLE_IDENTIFIER = com.sunchunjie.StudyiOSDevTests;
				PRODUCT_NAME = "$(TARGET_NAME)";
				TEST_HOST = "$(BUILT_PRODUCTS_DIR)/StudyiOSDev.app/StudyiOSDev";
			};
			name = Release;
		};
		7ECB7D701CB40E8D002D4805 /* Debug */ = {
			isa = XCBuildConfiguration;
			buildSettings = {
				INFOPLIST_FILE = StudyiOSDevUITests/Info.plist;
				LD_RUNPATH_SEARCH_PATHS = "$(inherited) @executable_path/Frameworks @loader_path/Frameworks";
				PRODUCT_BUNDLE_IDENTIFIER = com.sunchunjie.StudyiOSDevUITests;
				PRODUCT_NAME = "$(TARGET_NAME)";
				TEST_TARGET_NAME = StudyiOSDev;
			};
			name = Debug;
		};
		7ECB7D711CB40E8D002D4805 /* Release */ = {
			isa = XCBuildConfiguration;
			buildSettings = {
				INFOPLIST_FILE = StudyiOSDevUITests/Info.plist;
				LD_RUNPATH_SEARCH_PATHS = "$(inherited) @executable_path/Frameworks @loader_path/Frameworks";
				PRODUCT_BUNDLE_IDENTIFIER = com.sunchunjie.StudyiOSDevUITests;
				PRODUCT_NAME = "$(TARGET_NAME)";
				TEST_TARGET_NAME = StudyiOSDev;
			};
			name = Release;
		};
/* End XCBuildConfiguration section */

/* Begin XCConfigurationList section */
		7ECB7D371CB40E8D002D4805 /* Build configuration list for PBXProject "StudyiOSDev" */ = {
			isa = XCConfigurationList;
			buildConfigurations = (
				7ECB7D671CB40E8D002D4805 /* Debug */,
				7ECB7D681CB40E8D002D4805 /* Release */,
			);
			defaultConfigurationIsVisible = 0;
			defaultConfigurationName = Release;
		};
		7ECB7D691CB40E8D002D4805 /* Build configuration list for PBXNativeTarget "StudyiOSDev" */ = {
			isa = XCConfigurationList;
			buildConfigurations = (
				7ECB7D6A1CB40E8D002D4805 /* Debug */,
				7ECB7D6B1CB40E8D002D4805 /* Release */,
			);
			defaultConfigurationIsVisible = 0;
			defaultConfigurationName = Release;
		};
		7ECB7D6C1CB40E8D002D4805 /* Build configuration list for PBXNativeTarget "StudyiOSDevTests" */ = {
			isa = XCConfigurationList;
			buildConfigurations = (
				7ECB7D6D1CB40E8D002D4805 /* Debug */,
				7ECB7D6E1CB40E8D002D4805 /* Release */,
			);
			defaultConfigurationIsVisible = 0;
			defaultConfigurationName = Release;
		};
		7ECB7D6F1CB40E8D002D4805 /* Build configuration list for PBXNativeTarget "StudyiOSDevUITests" */ = {
			isa = XCConfigurationList;
			buildConfigurations = (
				7ECB7D701CB40E8D002D4805 /* Debug */,
				7ECB7D711CB40E8D002D4805 /* Release */,
			);
			defaultConfigurationIsVisible = 0;
			defaultConfigurationName = Release;
		};
/* End XCConfigurationList section */
	};
	rootObject = 7ECB7D341CB40E8D002D4805 /* Project object */;
}
